
Microsoft Visual Studio Solution File, Format Version 12.00
# Visual Studio 14
VisualStudioVersion = 14.0.23107.0
MinimumVisualStudioVersion = 10.0.40219.1
Project("{8BC9CEB8-8B4A-11D0-8D11-00A0C91BC942}") = "Graphics - DirectX - DummyProject 3.0", "Graphics - DirectX - DummyProject 3.0\Graphics - DirectX - DummyProject 3.0.vcxproj", "{4C43AC97-A143-47F7-82A3-982615FC1DCE}"
EndProject
Global
	GlobalSection(SolutionConfigurationPlatforms) = preSolution
		Debug|x64 = Debug|x64
		Debug|x86 = Debug|x86
		Release|x64 = Release|x64
		Release|x86 = Release|x86
	EndGlobalSection
	GlobalSection(ProjectConfigurationPlatforms) = postSolution
		{4C43AC97-A143-47F7-82A3-982615FC1DCE}.Debug|x64.ActiveCfg = Debug|x64
		{4C43AC97-A143-47F7-82A3-982615FC1DCE}.Debug|x64.Build.0 = Debug|x64
		{4C43AC97-A143-47F7-82A3-982615FC1DCE}.Debug|x86.ActiveCfg = Debug|Win32
		{4C43AC97-A143-47F7-82A3-982615FC1DCE}.Debug|x86.Build.0 = Debug|Win32
		{4C43AC97-A143-47F7-82A3-982615FC1DCE}.Release|x64.ActiveCfg = Release|x64
		{4C43AC97-A143-47F7-82A3-982615FC1DCE}.Release|x64.Build.0 = Release|x64
		{4C43AC97-A143-47F7-82A3-982615FC1DCE}.Release|x86.ActiveCfg = Release|Win32
		{4C43AC97-A143-47F7-82A3-982615FC1DCE}.Release|x86.Build.0 = Release|Win32
	EndGlobalSection
	GlobalSection(SolutionProperties) = preSolution
		HideSolutionNode = FALSE
	EndGlobalSection
EndGlobal
